{
  "name": "wonjob",
  "version": "1.0.0",
  "lockfileVersion": 3,
  "requires": true,
  "packages": {
    "": {
      "name": "wonjob",
      "version": "1.0.0",
      "license": "ISC",
      "dependencies": {
        "@formkit/themes": "^1.5.9"
      }
    },
    "node_modules/@formkit/core": {
      "version": "1.5.9",
      "resolved": "https://registry.npmjs.org/@formkit/core/-/core-1.5.9.tgz",
      "integrity": "sha512-hkF2uwmXcyeGqrYAO1RN3me77NdRWhuH4pZP+A2xlGZqBLx98nvABYUfTiQsCmdnPv9RkGHHB7qTq9BOvFATHQ==",
      "dependencies": {
        "@formkit/utils": "1.5.9"
      }
    },
    "node_modules/@formkit/themes": {
      "version": "1.5.9",
      "resolved": "https://registry.npmjs.org/@formkit/themes/-/themes-1.5.9.tgz",
      "integrity": "sha512-hQ2paR/ycOsq25/44M6WQtniYmri9/WIU59zGyx0c34kPBh1kZTdHOkXNL/Er9nITA5O+Dlax5PseO5UH2/jYQ==",
      "dependencies": {
        "@formkit/core": "1.5.9"
      },
      "peerDependencies": {
        "tailwindcss": "^3.2.0",
        "unocss": "^0.31.0",
        "windicss": "^3.0.0"
      },
      "peerDependenciesMeta": {
        "tailwindcss": {
          "optional": true
        },
        "unocss": {
          "optional": true
        },
        "windicss": {
          "optional": true
        }
      }
    },
    "node_modules/@formkit/utils": {
      "version": "1.5.9",
      "resolved": "https://registry.npmjs.org/@formkit/utils/-/utils-1.5.9.tgz",
      "integrity": "sha512-Jaa9Q89WovxMkNcRE0IK1G8WfHwg7MDkCx9FJRhqJ+e9wGW0C2+t/vAYp0D3kS42jpNK7TTPIcozh9q2VGSUdg=="
    }
  }
}
